
Microsoft Visual Studio Solution File, Format Version 12.00
# Visual Studio Version 17
VisualStudioVersion = 17.4.33213.308
MinimumVisualStudioVersion = 10.0.40219.1
Project("{FAE04EC0-301F-11D3-BF4B-00C04F79EFBC}") = "printedboard", "printedboard.csproj", "{E73101A7-557B-4865-9991-C9F069625068}"
EndProject
Global
	GlobalSection(SolutionConfigurationPlatforms) = preSolution
		Debug|Any CPU = Debug|Any CPU
		Release|Any CPU = Release|Any CPU
	EndGlobalSection
	GlobalSection(ProjectConfigurationPlatforms) = postSolution
		{E73101A7-557B-4865-9991-C9F069625068}.Debug|Any CPU.ActiveCfg = Debug|Any CPU
		{E73101A7-557B-4865-9991-C9F069625068}.Debug|Any CPU.Build.0 = Debug|Any CPU
		{E73101A7-557B-4865-9991-C9F069625068}.Release|Any CPU.ActiveCfg = Release|Any CPU
		{E73101A7-557B-4865-9991-C9F069625068}.Release|Any CPU.Build.0 = Release|Any CPU
	EndGlobalSection
	GlobalSection(SolutionProperties) = preSolution
		HideSolutionNode = FALSE
	EndGlobalSection
	GlobalSection(ExtensibilityGlobals) = postSolution
		SolutionGuid = {5D468205-2913-4CCF-8CFB-53C707026D23}
	EndGlobalSection
EndGlobal
